
Microsoft Visual Studio Solution File, Format Version 12.00
# Visual Studio 15
Project("{FAE04EC0-301F-11D3-BF4B-00C04F79EFBC}") = "StudentsNotifier.iOS", "StudentsNotifier.iOS\StudentsNotifier.iOS.csproj", "{49AFFFEE-5B07-4923-A449-4D71AE392221}"
EndProject
Project("{FAE04EC0-301F-11D3-BF4B-00C04F79EFBC}") = "StudentsNotifier.MobileAppService", "StudentsNotifier.MobileAppService\StudentsNotifier.MobileAppService.csproj", "{166871C6-DBBF-421A-BA6F-530CD0457C53}"
EndProject
Project("{FAE04EC0-301F-11D3-BF4B-00C04F79EFBC}") = "StudentsNotifier", "StudentsNotifier\StudentsNotifier.csproj", "{A55A7472-0148-4520-A759-16981A60754C}"
EndProject
Global
	GlobalSection(SolutionConfigurationPlatforms) = preSolution
		Debug|iPhoneSimulator = Debug|iPhoneSimulator
		Release|iPhoneSimulator = Release|iPhoneSimulator
		Debug|iPhone = Debug|iPhone
		Release|iPhone = Release|iPhone
		Debug|Any CPU = Debug|Any CPU
		Release|Any CPU = Release|Any CPU
	EndGlobalSection
	GlobalSection(ProjectConfigurationPlatforms) = postSolution
		{49AFFFEE-5B07-4923-A449-4D71AE392221}.Debug|iPhoneSimulator.ActiveCfg = Debug|iPhoneSimulator
		{49AFFFEE-5B07-4923-A449-4D71AE392221}.Debug|iPhoneSimulator.Build.0 = Debug|iPhoneSimulator
		{49AFFFEE-5B07-4923-A449-4D71AE392221}.Release|iPhoneSimulator.ActiveCfg = Release|iPhoneSimulator
		{49AFFFEE-5B07-4923-A449-4D71AE392221}.Release|iPhoneSimulator.Build.0 = Release|iPhoneSimulator
		{49AFFFEE-5B07-4923-A449-4D71AE392221}.Debug|iPhone.ActiveCfg = Debug|iPhone
		{49AFFFEE-5B07-4923-A449-4D71AE392221}.Debug|iPhone.Build.0 = Debug|iPhone
		{49AFFFEE-5B07-4923-A449-4D71AE392221}.Release|iPhone.ActiveCfg = Release|iPhone
		{49AFFFEE-5B07-4923-A449-4D71AE392221}.Release|iPhone.Build.0 = Release|iPhone
		{49AFFFEE-5B07-4923-A449-4D71AE392221}.Debug|Any CPU.ActiveCfg = Debug|iPhoneSimulator
		{49AFFFEE-5B07-4923-A449-4D71AE392221}.Debug|Any CPU.Build.0 = Debug|iPhoneSimulator
		{49AFFFEE-5B07-4923-A449-4D71AE392221}.Release|Any CPU.ActiveCfg = Release|iPhoneSimulator
		{49AFFFEE-5B07-4923-A449-4D71AE392221}.Release|Any CPU.Build.0 = Release|iPhoneSimulator
		{166871C6-DBBF-421A-BA6F-530CD0457C53}.Debug|iPhoneSimulator.ActiveCfg = Debug|Any CPU
		{166871C6-DBBF-421A-BA6F-530CD0457C53}.Debug|iPhoneSimulator.Build.0 = Debug|Any CPU
		{166871C6-DBBF-421A-BA6F-530CD0457C53}.Release|iPhoneSimulator.ActiveCfg = Release|Any CPU
		{166871C6-DBBF-421A-BA6F-530CD0457C53}.Release|iPhoneSimulator.Build.0 = Release|Any CPU
		{166871C6-DBBF-421A-BA6F-530CD0457C53}.Debug|iPhone.ActiveCfg = Debug|Any CPU
		{166871C6-DBBF-421A-BA6F-530CD0457C53}.Debug|iPhone.Build.0 = Debug|Any CPU
		{166871C6-DBBF-421A-BA6F-530CD0457C53}.Release|iPhone.ActiveCfg = Release|Any CPU
		{166871C6-DBBF-421A-BA6F-530CD0457C53}.Release|iPhone.Build.0 = Release|Any CPU
		{166871C6-DBBF-421A-BA6F-530CD0457C53}.Debug|Any CPU.ActiveCfg = Debug|Any CPU
		{166871C6-DBBF-421A-BA6F-530CD0457C53}.Debug|Any CPU.Build.0 = Debug|Any CPU
		{166871C6-DBBF-421A-BA6F-530CD0457C53}.Release|Any CPU.ActiveCfg = Release|Any CPU
		{166871C6-DBBF-421A-BA6F-530CD0457C53}.Release|Any CPU.Build.0 = Release|Any CPU
		{A55A7472-0148-4520-A759-16981A60754C}.Debug|iPhoneSimulator.ActiveCfg = Debug|Any CPU
		{A55A7472-0148-4520-A759-16981A60754C}.Debug|iPhoneSimulator.Build.0 = Debug|Any CPU
		{A55A7472-0148-4520-A759-16981A60754C}.Release|iPhoneSimulator.ActiveCfg = Release|Any CPU
		{A55A7472-0148-4520-A759-16981A60754C}.Release|iPhoneSimulator.Build.0 = Release|Any CPU
		{A55A7472-0148-4520-A759-16981A60754C}.Debug|iPhone.ActiveCfg = Debug|Any CPU
		{A55A7472-0148-4520-A759-16981A60754C}.Debug|iPhone.Build.0 = Debug|Any CPU
		{A55A7472-0148-4520-A759-16981A60754C}.Release|iPhone.ActiveCfg = Release|Any CPU
		{A55A7472-0148-4520-A759-16981A60754C}.Release|iPhone.Build.0 = Release|Any CPU
		{A55A7472-0148-4520-A759-16981A60754C}.Debug|Any CPU.ActiveCfg = Debug|Any CPU
		{A55A7472-0148-4520-A759-16981A60754C}.Debug|Any CPU.Build.0 = Debug|Any CPU
		{A55A7472-0148-4520-A759-16981A60754C}.Release|Any CPU.ActiveCfg = Release|Any CPU
		{A55A7472-0148-4520-A759-16981A60754C}.Release|Any CPU.Build.0 = Release|Any CPU
	EndGlobalSection
EndGlobal
